
Microsoft Visual Studio Solution File, Format Version 12.00
# Visual Studio Version 16
VisualStudioVersion = 16.0.29503.13
MinimumVisualStudioVersion = 10.0.40219.1
Project("{FAE04EC0-301F-11D3-BF4B-00C04F79EFBC}") = "TestDemo", "TestDemo\TestDemo.csproj", "{B2405296-8F0B-427C-BA49-EA8864346265}"
EndProject
Global
	GlobalSection(SolutionConfigurationPlatforms) = preSolution
		Debug|Any CPU = Debug|Any CPU
		Release|Any CPU = Release|Any CPU
	EndGlobalSection
	GlobalSection(ProjectConfigurationPlatforms) = postSolution
		{B2405296-8F0B-427C-BA49-EA8864346265}.Debug|Any CPU.ActiveCfg = Debug|Any CPU
		{B2405296-8F0B-427C-BA49-EA8864346265}.Debug|Any CPU.Build.0 = Debug|Any CPU
		{B2405296-8F0B-427C-BA49-EA8864346265}.Release|Any CPU.ActiveCfg = Release|Any CPU
		{B2405296-8F0B-427C-BA49-EA8864346265}.Release|Any CPU.Build.0 = Release|Any CPU
	EndGlobalSection
	GlobalSection(SolutionProperties) = preSolution
		HideSolutionNode = FALSE
	EndGlobalSection
	GlobalSection(ExtensibilityGlobals) = postSolution
		SolutionGuid = {B617E3EE-51EA-4B1E-BDE2-A6855BE4FBEE}
	EndGlobalSection
EndGlobal
